// !$*UTF8*$!
{
	archiveVersion = 1;
	classes = {
	};
	objectVersion = 55;
	objects = {

/* Begin PBXBuildFile section */
		5F32B8AD2774C7A200C0650C /* Contact.swift in Sources */ = {isa = PBXBuildFile; fileRef = 5F32B8AC2774C7A200C0650C /* Contact.swift */; };
		5F32B8AF2789C4DA00C0650C /* DetailsViewController.swift in Sources */ = {isa = PBXBuildFile; fileRef = 5F32B8AE2789C4DA00C0650C /* DetailsViewController.swift */; };
		5FCB5F80276A2A7100EF4182 /* AppDelegate.swift in Sources */ = {isa = PBXBuildFile; fileRef = 5FCB5F7F276A2A7100EF4182 /* AppDelegate.swift */; };
		5FCB5F82276A2A7100EF4182 /* SceneDelegate.swift in Sources */ = {isa = PBXBuildFile; fileRef = 5FCB5F81276A2A7100EF4182 /* SceneDelegate.swift */; };
		5FCB5F87276A2A7100EF4182 /* Main.storyboard in Resources */ = {isa = PBXBuildFile; fileRef = 5FCB5F85276A2A7100EF4182 /* Main.storyboard */; };
		5FCB5F89276A2A7200EF4182 /* Assets.xcassets in Resources */ = {isa = PBXBuildFile; fileRef = 5FCB5F88276A2A7200EF4182 /* Assets.xcassets */; };
		5FCB5F8C276A2A7200EF4182 /* LaunchScreen.storyboard in Resources */ = {isa = PBXBuildFile; fileRef = 5FCB5F8A276A2A7200EF4182 /* LaunchScreen.storyboard */; };
		5FCB5F97276A361B00EF4182 /* NetworkManager.swift in Sources */ = {isa = PBXBuildFile; fileRef = 5FCB5F96276A361B00EF4182 /* NetworkManager.swift */; };
		5FCB5F9E276A6A5500EF4182 /* ContactListViewController.swift in Sources */ = {isa = PBXBuildFile; fileRef = 5FCB5F9D276A6A5500EF4182 /* ContactListViewController.swift */; };
		5FCB5FA0276B44DD00EF4182 /* ButtonsViewController.swift in Sources */ = {isa = PBXBuildFile; fileRef = 5FCB5F9F276B44DD00EF4182 /* ButtonsViewController.swift */; };
		5FCB5FA2276B451900EF4182 /* ButtonsViewCell.swift in Sources */ = {isa = PBXBuildFile; fileRef = 5FCB5FA1276B451900EF4182 /* ButtonsViewCell.swift */; };
/* End PBXBuildFile section */

/* Begin PBXFileReference section */
		5F32B8AC2774C7A200C0650C /* Contact.swift */ = {isa = PBXFileReference; lastKnownFileType = sourcecode.swift; path = Contact.swift; sourceTree = "<group>"; };
		5F32B8AE2789C4DA00C0650C /* DetailsViewController.swift */ = {isa = PBXFileReference; lastKnownFileType = sourcecode.swift; path = DetailsViewController.swift; sourceTree = "<group>"; };
		5FCB5F7C276A2A7100EF4182 /* ContactListApi.app */ = {isa = PBXFileReference; explicitFileType = wrapper.application; includeInIndex = 0; path = ContactListApi.app; sourceTree = BUILT_PRODUCTS_DIR; };
		5FCB5F7F276A2A7100EF4182 /* AppDelegate.swift */ = {isa = PBXFileReference; lastKnownFileType = sourcecode.swift; path = AppDelegate.swift; sourceTree = "<group>"; };
		5FCB5F81276A2A7100EF4182 /* SceneDelegate.swift */ = {isa = PBXFileReference; lastKnownFileType = sourcecode.swift; path = SceneDelegate.swift; sourceTree = "<group>"; };
		5FCB5F86276A2A7100EF4182 /* Base */ = {isa = PBXFileReference; lastKnownFileType = file.storyboard; name = Base; path = Base.lproj/Main.storyboard; sourceTree = "<group>"; };
		5FCB5F88276A2A7200EF4182 /* Assets.xcassets */ = {isa = PBXFileReference; lastKnownFileType = folder.assetcatalog; path = Assets.xcassets; sourceTree = "<group>"; };
		5FCB5F8B276A2A7200EF4182 /* Base */ = {isa = PBXFileReference; lastKnownFileType = file.storyboard; name = Base; path = Base.lproj/LaunchScreen.storyboard; sourceTree = "<group>"; };
		5FCB5F8D276A2A7200EF4182 /* Info.plist */ = {isa = PBXFileReference; lastKnownFileType = text.plist.xml; path = Info.plist; sourceTree = "<group>"; };
		5FCB5F96276A361B00EF4182 /* NetworkManager.swift */ = {isa = PBXFileReference; lastKnownFileType = sourcecode.swift; path = NetworkManager.swift; sourceTree = "<group>"; };
		5FCB5F9D276A6A5500EF4182 /* ContactListViewController.swift */ = {isa = PBXFileReference; lastKnownFileType = sourcecode.swift; path = ContactListViewController.swift; sourceTree = "<group>"; };
		5FCB5F9F276B44DD00EF4182 /* ButtonsViewController.swift */ = {isa = PBXFileReference; lastKnownFileType = sourcecode.swift; path = ButtonsViewController.swift; sourceTree = "<group>"; };
		5FCB5FA1276B451900EF4182 /* ButtonsViewCell.swift */ = {isa = PBXFileReference; lastKnownFileType = sourcecode.swift; path = ButtonsViewCell.swift; sourceTree = "<group>"; };
/* End PBXFileReference section */

/* Begin PBXFrameworksBuildPhase section */
		5FCB5F79276A2A7100EF4182 /* Frameworks */ = {
			isa = PBXFrameworksBuildPhase;
			buildActionMask = 2147483647;
			files = (
			);
			runOnlyForDeploymentPostprocessing = 0;
		};
/* End PBXFrameworksBuildPhase section */

/* Begin PBXGroup section */
		5FCB5F73276A2A7100EF4182 = {
			isa = PBXGroup;
			children = (
				5FCB5F7E276A2A7100EF4182 /* ContactListApi */,
				5FCB5F7D276A2A7100EF4182 /* Products */,
			);
			sourceTree = "<group>";
		};
		5FCB5F7D276A2A7100EF4182 /* Products */ = {
			isa = PBXGroup;
			children = (
				5FCB5F7C276A2A7100EF4182 /* ContactListApi.app */,
			);
			name = Products;
			sourceTree = "<group>";
		};
		5FCB5F7E276A2A7100EF4182 /* ContactListApi */ = {
			isa = PBXGroup;
			children = (
				5FCB5F7F276A2A7100EF4182 /* AppDelegate.swift */,
				5FCB5F81276A2A7100EF4182 /* SceneDelegate.swift */,
				5FCB5F95276A330A00EF4182 /* Models */,
				5FCB5F9B276A389E00EF4182 /* ViewControllers */,
				5FCB5FA32771DB4F00EF4182 /* Views */,
				5FCB5F9A276A388600EF4182 /* Services */,
				5FCB5F9C276A38DC00EF4182 /* StoryBoards */,
				5FCB5F88276A2A7200EF4182 /* Assets.xcassets */,
				5FCB5F8D276A2A7200EF4182 /* Info.plist */,
			);
			path = ContactListApi;
			sourceTree = "<group>";
		};
		5FCB5F95276A330A00EF4182 /* Models */ = {
			isa = PBXGroup;
			children = (
				5F32B8AC2774C7A200C0650C /* Contact.swift */,
			);
			path = Models;
			sourceTree = "<group>";
		};
		5FCB5F9A276A388600EF4182 /* Services */ = {
			isa = PBXGroup;
			children = (
				5FCB5F96276A361B00EF4182 /* NetworkManager.swift */,
			);
			path = Services;
			sourceTree = "<group>";
		};
		5FCB5F9B276A389E00EF4182 /* ViewControllers */ = {
			isa = PBXGroup;
			children = (
				5FCB5F9F276B44DD00EF4182 /* ButtonsViewController.swift */,
				5FCB5F9D276A6A5500EF4182 /* ContactListViewController.swift */,
				5F32B8AE2789C4DA00C0650C /* DetailsViewController.swift */,
			);
			path = ViewControllers;
			sourceTree = "<group>";
		};
		5FCB5F9C276A38DC00EF4182 /* StoryBoards */ = {
			isa = PBXGroup;
			children = (
				5FCB5F85276A2A7100EF4182 /* Main.storyboard */,
				5FCB5F8A276A2A7200EF4182 /* LaunchScreen.storyboard */,
			);
			path = StoryBoards;
			sourceTree = "<group>";
		};
		5FCB5FA32771DB4F00EF4182 /* Views */ = {
			isa = PBXGroup;
			children = (
				5FCB5FA1276B451900EF4182 /* ButtonsViewCell.swift */,
			);
			path = Views;
			sourceTree = "<group>";
		};
/* End PBXGroup section */

/* Begin PBXNativeTarget section */
		5FCB5F7B276A2A7100EF4182 /* ContactListApi */ = {
			isa = PBXNativeTarget;
			buildConfigurationList = 5FCB5F90276A2A7200EF4182 /* Build configuration list for PBXNativeTarget "ContactListApi" */;
			buildPhases = (
				5FCB5F78276A2A7100EF4182 /* Sources */,
				5FCB5F79276A2A7100EF4182 /* Frameworks */,
				5FCB5F7A276A2A7100EF4182 /* Resources */,
			);
			buildRules = (
			);
			dependencies = (
			);
			name = ContactListApi;
			productName = ContactListApi;
			productReference = 5FCB5F7C276A2A7100EF4182 /* ContactListApi.app */;
			productType = "com.apple.product-type.application";
		};
/* End PBXNativeTarget section */

/* Begin PBXProject section */
		5FCB5F74276A2A7100EF4182 /* Project object */ = {
			isa = PBXProject;
			attributes = {
				BuildIndependentTargetsInParallel = 1;
				LastSwiftUpdateCheck = 1310;
				LastUpgradeCheck = 1310;
				TargetAttributes = {
					5FCB5F7B276A2A7100EF4182 = {
						CreatedOnToolsVersion = 13.1;
					};
				};
			};
			buildConfigurationList = 5FCB5F77276A2A7100EF4182 /* Build configuration list for PBXProject "ContactListApi" */;
			compatibilityVersion = "Xcode 13.0";
			developmentRegion = en;
			hasScannedForEncodings = 0;
			knownRegions = (
				en,
				Base,
			);
			mainGroup = 5FCB5F73276A2A7100EF4182;
			productRefGroup = 5FCB5F7D276A2A7100EF4182 /* Products */;
			projectDirPath = "";
			projectRoot = "";
			targets = (
				5FCB5F7B276A2A7100EF4182 /* ContactListApi */,
			);
		};
/* End PBXProject section */

/* Begin PBXResourcesBuildPhase section */
		5FCB5F7A276A2A7100EF4182 /* Resources */ = {
			isa = PBXResourcesBuildPhase;
			buildActionMask = 2147483647;
			files = (
				5FCB5F8C276A2A7200EF4182 /* LaunchScreen.storyboard in Resources */,
				5FCB5F89276A2A7200EF4182 /* Assets.xcassets in Resources */,
				5FCB5F87276A2A7100EF4182 /* Main.storyboard in Resources */,
			);
			runOnlyForDeploymentPostprocessing = 0;
		};
/* End PBXResourcesBuildPhase section */

/* Begin PBXSourcesBuildPhase section */
		5FCB5F78276A2A7100EF4182 /* Sources */ = {
			isa = PBXSourcesBuildPhase;
			buildActionMask = 2147483647;
			files = (
				5FCB5FA2276B451900EF4182 /* ButtonsViewCell.swift in Sources */,
				5F32B8AD2774C7A200C0650C /* Contact.swift in Sources */,
				5F32B8AF2789C4DA00C0650C /* DetailsViewController.swift in Sources */,
				5FCB5F80276A2A7100EF4182 /* AppDelegate.swift in Sources */,
				5FCB5F9E276A6A5500EF4182 /* ContactListViewController.swift in Sources */,
				5FCB5F97276A361B00EF4182 /* NetworkManager.swift in Sources */,
				5FCB5FA0276B44DD00EF4182 /* ButtonsViewController.swift in Sources */,
				5FCB5F82276A2A7100EF4182 /* SceneDelegate.swift in Sources */,
			);
			runOnlyForDeploymentPostprocessing = 0;
		};
/* End PBXSourcesBuildPhase section */

/* Begin PBXVariantGroup section */
		5FCB5F85276A2A7100EF4182 /* Main.storyboard */ = {
			isa = PBXVariantGroup;
			children = (
				5FCB5F86276A2A7100EF4182 /* Base */,
			);
			name = Main.storyboard;
			sourceTree = "<group>";
		};
		5FCB5F8A276A2A7200EF4182 /* LaunchScreen.storyboard */ = {
			isa = PBXVariantGroup;
			children = (
				5FCB5F8B276A2A7200EF4182 /* Base */,
			);
			name = LaunchScreen.storyboard;
			sourceTree = "<group>";
		};
/* End PBXVariantGroup section */

/* Begin XCBuildConfiguration section */
		5FCB5F8E276A2A7200EF4182 /* Debug */ = {
			isa = XCBuildConfiguration;
			buildSettings = {
				ALWAYS_SEARCH_USER_PATHS = NO;
				CLANG_ANALYZER_NONNULL = YES;
				CLANG_ANALYZER_NUMBER_OBJECT_CONVERSION = YES_AGGRESSIVE;
				CLANG_CXX_LANGUAGE_STANDARD = "gnu++17";
				CLANG_CXX_LIBRARY = "libc++";
				CLANG_ENABLE_MODULES = YES;
				CLANG_ENABLE_OBJC_ARC = YES;
				CLANG_ENABLE_OBJC_WEAK = YES;
				CLANG_WARN_BLOCK_CAPTURE_AUTORELEASING = YES;
				CLANG_WARN_BOOL_CONVERSION = YES;
				CLANG_WARN_COMMA = YES;
				CLANG_WARN_CONSTANT_CONVERSION = YES;
				CLANG_WARN_DEPRECATED_OBJC_IMPLEMENTATIONS = YES;
				CLANG_WARN_DIRECT_OBJC_ISA_USAGE = YES_ERROR;
				CLANG_WARN_DOCUMENTATION_COMMENTS = YES;
				CLANG_WARN_EMPTY_BODY = YES;
				CLANG_WARN_ENUM_CONVERSION = YES;
				CLANG_WARN_INFINITE_RECURSION = YES;
				CLANG_WARN_INT_CONVERSION = YES;
				CLANG_WARN_NON_LITERAL_NULL_CONVERSION = YES;
				CLANG_WARN_OBJC_IMPLICIT_RETAIN_SELF = YES;
				CLANG_WARN_OBJC_LITERAL_CONVERSION = YES;
				CLANG_WARN_OBJC_ROOT_CLASS = YES_ERROR;
				CLANG_WARN_QUOTED_INCLUDE_IN_FRAMEWORK_HEADER = YES;
				CLANG_WARN_RANGE_LOOP_ANALYSIS = YES;
				CLANG_WARN_STRICT_PROTOTYPES = YES;
				CLANG_WARN_SUSPICIOUS_MOVE = YES;
				CLANG_WARN_UNGUARDED_AVAILABILITY = YES_AGGRESSIVE;
				CLANG_WARN_UNREACHABLE_CODE = YES;
				CLANG_WARN__DUPLICATE_METHOD_MATCH = YES;
				COPY_PHASE_STRIP = NO;
				DEBUG_INFORMATION_FORMAT = dwarf;
				ENABLE_STRICT_OBJC_MSGSEND = YES;
				ENABLE_TESTABILITY = YES;
				GCC_C_LANGUAGE_STANDARD = gnu11;
				GCC_DYNAMIC_NO_PIC = NO;
				GCC_NO_COMMON_BLOCKS = YES;
				GCC_OPTIMIZATION_LEVEL = 0;
				GCC_PREPROCESSOR_DEFINITIONS = (
					"DEBUG=1",
					"$(inherited)",
				);
				GCC_WARN_64_TO_32_BIT_CONVERSION = YES;
				GCC_WARN_ABOUT_RETURN_TYPE = YES_ERROR;
				GCC_WARN_UNDECLARED_SELECTOR = YES;
				GCC_WARN_UNINITIALIZED_AUTOS = YES_AGGRESSIVE;
				GCC_WARN_UNUSED_FUNCTION = YES;
				GCC_WARN_UNUSED_VARIABLE = YES;
				IPHONEOS_DEPLOYMENT_TARGET = 15.0;
				MTL_ENABLE_DEBUG_INFO = INCLUDE_SOURCE;
				MTL_FAST_MATH = YES;
				ONLY_ACTIVE_ARCH = YES;
				SDKROOT = iphoneos;
				SWIFT_ACTIVE_COMPILATION_CONDITIONS = DEBUG;
				SWIFT_OPTIMIZATION_LEVEL = "-Onone";
			};
			name = Debug;
		};
		5FCB5F8F276A2A7200EF4182 /* Release */ = {
			isa = XCBuildConfiguration;
			buildSettings = {
				ALWAYS_SEARCH_USER_PATHS = NO;
				CLANG_ANALYZER_NONNULL = YES;
				CLANG_ANALYZER_NUMBER_OBJECT_CONVERSION = YES_AGGRESSIVE;
				CLANG_CXX_LANGUAGE_STANDARD = "gnu++17";
				CLANG_CXX_LIBRARY = "libc++";
				CLANG_ENABLE_MODULES = YES;
				CLANG_ENABLE_OBJC_ARC = YES;
				CLANG_ENABLE_OBJC_WEAK = YES;
				CLANG_WARN_BLOCK_CAPTURE_AUTORELEASING = YES;
				CLANG_WARN_BOOL_CONVERSION = YES;
				CLANG_WARN_COMMA = YES;
				CLANG_WARN_CONSTANT_CONVERSION = YES;
				CLANG_WARN_DEPRECATED_OBJC_IMPLEMENTATIONS = YES;
				CLANG_WARN_DIRECT_OBJC_ISA_USAGE = YES_ERROR;
				CLANG_WARN_DOCUMENTATION_COMMENTS = YES;
				CLANG_WARN_EMPTY_BODY = YES;
				CLANG_WARN_ENUM_CONVERSION = YES;
				CLANG_WARN_INFINITE_RECURSION = YES;
				CLANG_WARN_INT_CONVERSION = YES;
				CLANG_WARN_NON_LITERAL_NULL_CONVERSION = YES;
				CLANG_WARN_OBJC_IMPLICIT_RETAIN_SELF = YES;
				CLANG_WARN_OBJC_LITERAL_CONVERSION = YES;
				CLANG_WARN_OBJC_ROOT_CLASS = YES_ERROR;
				CLANG_WARN_QUOTED_INCLUDE_IN_FRAMEWORK_HEADER = YES;
				CLANG_WARN_RANGE_LOOP_ANALYSIS = YES;
				CLANG_WARN_STRICT_PROTOTYPES = YES;
				CLANG_WARN_SUSPICIOUS_MOVE = YES;
				CLANG_WARN_UNGUARDED_AVAILABILITY = YES_AGGRESSIVE;
				CLANG_WARN_UNREACHABLE_CODE = YES;
				CLANG_WARN__DUPLICATE_METHOD_MATCH = YES;
				COPY_PHASE_STRIP = NO;
				DEBUG_INFORMATION_FORMAT = "dwarf-with-dsym";
				ENABLE_NS_ASSERTIONS = NO;
				ENABLE_STRICT_OBJC_MSGSEND = YES;
				GCC_C_LANGUAGE_STANDARD = gnu11;
				GCC_NO_COMMON_BLOCKS = YES;
				GCC_WARN_64_TO_32_BIT_CONVERSION = YES;
				GCC_WARN_ABOUT_RETURN_TYPE = YES_ERROR;
				GCC_WARN_UNDECLARED_SELECTOR = YES;
				GCC_WARN_UNINITIALIZED_AUTOS = YES_AGGRESSIVE;
				GCC_WARN_UNUSED_FUNCTION = YES;
				GCC_WARN_UNUSED_VARIABLE = YES;
				IPHONEOS_DEPLOYMENT_TARGET = 15.0;
				MTL_ENABLE_DEBUG_INFO = NO;
				MTL_FAST_MATH = YES;
				SDKROOT = iphoneos;
				SWIFT_COMPILATION_MODE = wholemodule;
				SWIFT_OPTIMIZATION_LEVEL = "-O";
				VALIDATE_PRODUCT = YES;
			};
			name = Release;
		};
		5FCB5F91276A2A7200EF4182 /* Debug */ = {
			isa = XCBuildConfiguration;
			buildSettings = {
				ASSETCATALOG_COMPILER_APPICON_NAME = AppIcon;
				ASSETCATALOG_COMPILER_GLOBAL_ACCENT_COLOR_NAME = AccentColor;
				CODE_SIGN_STYLE = Automatic;
				CURRENT_PROJECT_VERSION = 1;
				DEVELOPMENT_TEAM = SLQ3BB6947;
				GENERATE_INFOPLIST_FILE = YES;
				INFOPLIST_FILE = ContactListApi/Info.plist;
				INFOPLIST_KEY_UIApplicationSupportsIndirectInputEvents = YES;
				INFOPLIST_KEY_UILaunchStoryboardName = LaunchScreen;
				INFOPLIST_KEY_UIMainStoryboardFile = Main;
				INFOPLIST_KEY_UISupportedInterfaceOrientations_iPad = "UIInterfaceOrientationPortrait UIInterfaceOrientationPortraitUpsideDown UIInterfaceOrientationLandscapeLeft UIInterfaceOrientationLandscapeRight";
				INFOPLIST_KEY_UISupportedInterfaceOrientations_iPhone = "UIInterfaceOrientationPortrait UIInterfaceOrientationLandscapeLeft UIInterfaceOrientationLandscapeRight";
				LD_RUNPATH_SEARCH_PATHS = (
					"$(inherited)",
					"@executable_path/Frameworks",
				);
				MARKETING_VERSION = 1.0;
				PRODUCT_BUNDLE_IDENTIFIER = com.dmitry.ContactListApi;
				PRODUCT_NAME = "$(TARGET_NAME)";
				SWIFT_EMIT_LOC_STRINGS = YES;
				SWIFT_VERSION = 5.0;
				TARGETED_DEVICE_FAMILY = "1,2";
			};
			name = Debug;
		};
		5FCB5F92276A2A7200EF4182 /* Release */ = {
			isa = XCBuildConfiguration;
			buildSettings = {
				ASSETCATALOG_COMPILER_APPICON_NAME = AppIcon;
				ASSETCATALOG_COMPILER_GLOBAL_ACCENT_COLOR_NAME = AccentColor;
				CODE_SIGN_STYLE = Automatic;
				CURRENT_PROJECT_VERSION = 1;
				DEVELOPMENT_TEAM = SLQ3BB6947;
				GENERATE_INFOPLIST_FILE = YES;
				INFOPLIST_FILE = ContactListApi/Info.plist;
				INFOPLIST_KEY_UIApplicationSupportsIndirectInputEvents = YES;
				INFOPLIST_KEY_UILaunchStoryboardName = LaunchScreen;
				INFOPLIST_KEY_UIMainStoryboardFile = Main;
				INFOPLIST_KEY_UISupportedInterfaceOrientations_iPad = "UIInterfaceOrientationPortrait UIInterfaceOrientationPortraitUpsideDown UIInterfaceOrientationLandscapeLeft UIInterfaceOrientationLandscapeRight";
				INFOPLIST_KEY_UISupportedInterfaceOrientations_iPhone = "UIInterfaceOrientationPortrait UIInterfaceOrientationLandscapeLeft UIInterfaceOrientationLandscapeRight";
				LD_RUNPATH_SEARCH_PATHS = (
					"$(inherited)",
					"@executable_path/Frameworks",
				);
				MARKETING_VERSION = 1.0;
				PRODUCT_BUNDLE_IDENTIFIER = com.dmitry.ContactListApi;
				PRODUCT_NAME = "$(TARGET_NAME)";
				SWIFT_EMIT_LOC_STRINGS = YES;
				SWIFT_VERSION = 5.0;
				TARGETED_DEVICE_FAMILY = "1,2";
			};
			name = Release;
		};
/* End XCBuildConfiguration section */

/* Begin XCConfigurationList section */
		5FCB5F77276A2A7100EF4182 /* Build configuration list for PBXProject "ContactListApi" */ = {
			isa = XCConfigurationList;
			buildConfigurations = (
				5FCB5F8E276A2A7200EF4182 /* Debug */,
				5FCB5F8F276A2A7200EF4182 /* Release */,
			);
			defaultConfigurationIsVisible = 0;
			defaultConfigurationName = Release;
		};
		5FCB5F90276A2A7200EF4182 /* Build configuration list for PBXNativeTarget "ContactListApi" */ = {
			isa = XCConfigurationList;
			buildConfigurations = (
				5FCB5F91276A2A7200EF4182 /* Debug */,
				5FCB5F92276A2A7200EF4182 /* Release */,
			);
			defaultConfigurationIsVisible = 0;
			defaultConfigurationName = Release;
		};
/* End XCConfigurationList section */
	};
	rootObject = 5FCB5F74276A2A7100EF4182 /* Project object */;
}
